
Microsoft Visual Studio Solution File, Format Version 11.00
# Visual Studio 2010
Project("{8BC9CEB8-8B4A-11D0-8D11-00A0C91BC942}") = "pmstest", "pmstest\pmstest.vcxproj", "{C02B99C7-C2F3-4E49-BC6E-38432AE9ACA1}"
EndProject
Global
	GlobalSection(SolutionConfigurationPlatforms) = preSolution
		Debug|Win32 = Debug|Win32
		Release|Win32 = Release|Win32
	EndGlobalSection
	GlobalSection(ProjectConfigurationPlatforms) = postSolution
		{C02B99C7-C2F3-4E49-BC6E-38432AE9ACA1}.Debug|Win32.ActiveCfg = Debug|Win32
		{C02B99C7-C2F3-4E49-BC6E-38432AE9ACA1}.Debug|Win32.Build.0 = Debug|Win32
		{C02B99C7-C2F3-4E49-BC6E-38432AE9ACA1}.Release|Win32.ActiveCfg = Release|Win32
		{C02B99C7-C2F3-4E49-BC6E-38432AE9ACA1}.Release|Win32.Build.0 = Release|Win32
	EndGlobalSection
	GlobalSection(SolutionProperties) = preSolution
		HideSolutionNode = FALSE
	EndGlobalSection
EndGlobal
